
Microsoft Visual Studio Solution File, Format Version 12.00
# Visual Studio 2012
Project("{FAE04EC0-301F-11D3-BF4B-00C04F79EFBC}") = "cargadorImagenes", "cargadorImagenes\cargadorImagenes.csproj", "{75CC9007-E919-45A6-8561-535EAF6CA01F}"
EndProject
Global
	GlobalSection(SolutionConfigurationPlatforms) = preSolution
		Debug|Any CPU = Debug|Any CPU
		Release|Any CPU = Release|Any CPU
	EndGlobalSection
	GlobalSection(ProjectConfigurationPlatforms) = postSolution
		{75CC9007-E919-45A6-8561-535EAF6CA01F}.Debug|Any CPU.ActiveCfg = Debug|Any CPU
		{75CC9007-E919-45A6-8561-535EAF6CA01F}.Debug|Any CPU.Build.0 = Debug|Any CPU
		{75CC9007-E919-45A6-8561-535EAF6CA01F}.Release|Any CPU.ActiveCfg = Release|Any CPU
		{75CC9007-E919-45A6-8561-535EAF6CA01F}.Release|Any CPU.Build.0 = Release|Any CPU
	EndGlobalSection
	GlobalSection(SolutionProperties) = preSolution
		HideSolutionNode = FALSE
	EndGlobalSection
EndGlobal
